
Microsoft Visual Studio Solution File, Format Version 12.00
# Visual Studio Version 16
VisualStudioVersion = 16.0.30517.126
MinimumVisualStudioVersion = 10.0.40219.1
Project("{FAE04EC0-301F-11D3-BF4B-00C04F79EFBC}") = "SantasComing", "SantasComing\SantasComing.csproj", "{BE230648-FB6E-44D4-943A-18A68A2129DB}"
EndProject
Global
	GlobalSection(SolutionConfigurationPlatforms) = preSolution
		Debug|Any CPU = Debug|Any CPU
		Release|Any CPU = Release|Any CPU
	EndGlobalSection
	GlobalSection(ProjectConfigurationPlatforms) = postSolution
		{BE230648-FB6E-44D4-943A-18A68A2129DB}.Debug|Any CPU.ActiveCfg = Debug|Any CPU
		{BE230648-FB6E-44D4-943A-18A68A2129DB}.Debug|Any CPU.Build.0 = Debug|Any CPU
		{BE230648-FB6E-44D4-943A-18A68A2129DB}.Release|Any CPU.ActiveCfg = Release|Any CPU
		{BE230648-FB6E-44D4-943A-18A68A2129DB}.Release|Any CPU.Build.0 = Release|Any CPU
	EndGlobalSection
	GlobalSection(SolutionProperties) = preSolution
		HideSolutionNode = FALSE
	EndGlobalSection
	GlobalSection(ExtensibilityGlobals) = postSolution
		SolutionGuid = {D17E2D20-7B4A-4E9C-8E16-2800E6FAEF2E}
	EndGlobalSection
EndGlobal
