
Microsoft Visual Studio Solution File, Format Version 12.00
# Visual Studio Version 16
VisualStudioVersion = 16.0.30517.126
MinimumVisualStudioVersion = 10.0.40219.1
Project("{FAE04EC0-301F-11D3-BF4B-00C04F79EFBC}") = "SantasComingTown", "SantasComingTown\SantasComingTown.csproj", "{952FED85-E028-4D11-B5CE-5A0E8E9C5552}"
EndProject
Global
	GlobalSection(SolutionConfigurationPlatforms) = preSolution
		Debug|Any CPU = Debug|Any CPU
		Release|Any CPU = Release|Any CPU
	EndGlobalSection
	GlobalSection(ProjectConfigurationPlatforms) = postSolution
		{952FED85-E028-4D11-B5CE-5A0E8E9C5552}.Debug|Any CPU.ActiveCfg = Debug|Any CPU
		{952FED85-E028-4D11-B5CE-5A0E8E9C5552}.Debug|Any CPU.Build.0 = Debug|Any CPU
		{952FED85-E028-4D11-B5CE-5A0E8E9C5552}.Release|Any CPU.ActiveCfg = Release|Any CPU
		{952FED85-E028-4D11-B5CE-5A0E8E9C5552}.Release|Any CPU.Build.0 = Release|Any CPU
	EndGlobalSection
	GlobalSection(SolutionProperties) = preSolution
		HideSolutionNode = FALSE
	EndGlobalSection
	GlobalSection(ExtensibilityGlobals) = postSolution
		SolutionGuid = {17AFE9EF-9230-4898-8B6C-1A835A06972B}
	EndGlobalSection
EndGlobal
