
Microsoft Visual Studio Solution File, Format Version 12.00
# Visual Studio Version 16
VisualStudioVersion = 16.0.30517.126
MinimumVisualStudioVersion = 10.0.40219.1
Project("{FAE04EC0-301F-11D3-BF4B-00C04F79EFBC}") = "SantaIsComing", "SantaIsComing\SantaIsComing.csproj", "{A2F17956-6269-44DC-BDA6-BFBC7C53262C}"
EndProject
Global
	GlobalSection(SolutionConfigurationPlatforms) = preSolution
		Debug|Any CPU = Debug|Any CPU
		Release|Any CPU = Release|Any CPU
	EndGlobalSection
	GlobalSection(ProjectConfigurationPlatforms) = postSolution
		{A2F17956-6269-44DC-BDA6-BFBC7C53262C}.Debug|Any CPU.ActiveCfg = Debug|Any CPU
		{A2F17956-6269-44DC-BDA6-BFBC7C53262C}.Debug|Any CPU.Build.0 = Debug|Any CPU
		{A2F17956-6269-44DC-BDA6-BFBC7C53262C}.Release|Any CPU.ActiveCfg = Release|Any CPU
		{A2F17956-6269-44DC-BDA6-BFBC7C53262C}.Release|Any CPU.Build.0 = Release|Any CPU
	EndGlobalSection
	GlobalSection(SolutionProperties) = preSolution
		HideSolutionNode = FALSE
	EndGlobalSection
	GlobalSection(ExtensibilityGlobals) = postSolution
		SolutionGuid = {8E0DAE26-1C33-4C2E-8048-F7F40749ABB1}
	EndGlobalSection
EndGlobal
